
Microsoft Visual Studio Solution File, Format Version 12.00
# Visual Studio Version 17
VisualStudioVersion = 17.2.32630.192
MinimumVisualStudioVersion = 10.0.40219.1
Project("{9A19103F-16F7-4668-BE54-9A1E7A4F7556}") = "BlazorDoentesApp", "BlazorDoentesApp\BlazorDoentesApp.csproj", "{6707EAA3-CEE1-4141-8956-1E9AC04DF3D4}"
EndProject
Project("{9A19103F-16F7-4668-BE54-9A1E7A4F7556}") = "ApiDoentes", "ApiDoentes\ApiDoentes.csproj", "{2B55CFAA-0654-45F0-9D21-F50DB39CB685}"
EndProject
Project("{9A19103F-16F7-4668-BE54-9A1E7A4F7556}") = "Models", "Models\Models.csproj", "{F005C795-C225-4A34-BBDD-85210386DDDC}"
EndProject
Global
	GlobalSection(SolutionConfigurationPlatforms) = preSolution
		Debug|Any CPU = Debug|Any CPU
		Release|Any CPU = Release|Any CPU
	EndGlobalSection
	GlobalSection(ProjectConfigurationPlatforms) = postSolution
		{6707EAA3-CEE1-4141-8956-1E9AC04DF3D4}.Debug|Any CPU.ActiveCfg = Debug|Any CPU
		{6707EAA3-CEE1-4141-8956-1E9AC04DF3D4}.Debug|Any CPU.Build.0 = Debug|Any CPU
		{6707EAA3-CEE1-4141-8956-1E9AC04DF3D4}.Release|Any CPU.ActiveCfg = Release|Any CPU
		{6707EAA3-CEE1-4141-8956-1E9AC04DF3D4}.Release|Any CPU.Build.0 = Release|Any CPU
		{2B55CFAA-0654-45F0-9D21-F50DB39CB685}.Debug|Any CPU.ActiveCfg = Debug|Any CPU
		{2B55CFAA-0654-45F0-9D21-F50DB39CB685}.Debug|Any CPU.Build.0 = Debug|Any CPU
		{2B55CFAA-0654-45F0-9D21-F50DB39CB685}.Release|Any CPU.ActiveCfg = Release|Any CPU
		{2B55CFAA-0654-45F0-9D21-F50DB39CB685}.Release|Any CPU.Build.0 = Release|Any CPU
		{F005C795-C225-4A34-BBDD-85210386DDDC}.Debug|Any CPU.ActiveCfg = Debug|Any CPU
		{F005C795-C225-4A34-BBDD-85210386DDDC}.Debug|Any CPU.Build.0 = Debug|Any CPU
		{F005C795-C225-4A34-BBDD-85210386DDDC}.Release|Any CPU.ActiveCfg = Release|Any CPU
		{F005C795-C225-4A34-BBDD-85210386DDDC}.Release|Any CPU.Build.0 = Release|Any CPU
	EndGlobalSection
	GlobalSection(SolutionProperties) = preSolution
		HideSolutionNode = FALSE
	EndGlobalSection
	GlobalSection(ExtensibilityGlobals) = postSolution
		SolutionGuid = {6D0237EC-0DFF-4831-997F-DAF8F86EA3FF}
	EndGlobalSection
EndGlobal
